
Microsoft Visual Studio Solution File, Format Version 12.00
# Visual Studio Version 17
VisualStudioVersion = 17.5.002.0
MinimumVisualStudioVersion = 10.0.40219.1
Project("{9A19103F-16F7-4668-BE54-9A1E7A4F7556}") = "MazeRunner", "MazeRunner.csproj", "{0A36F173-E702-4393-B5F0-485DE44AAD74}"
EndProject
Global
	GlobalSection(SolutionConfigurationPlatforms) = preSolution
		Debug|Any CPU = Debug|Any CPU
		Release|Any CPU = Release|Any CPU
	EndGlobalSection
	GlobalSection(ProjectConfigurationPlatforms) = postSolution
		{0A36F173-E702-4393-B5F0-485DE44AAD74}.Debug|Any CPU.ActiveCfg = Debug|Any CPU
		{0A36F173-E702-4393-B5F0-485DE44AAD74}.Debug|Any CPU.Build.0 = Debug|Any CPU
		{0A36F173-E702-4393-B5F0-485DE44AAD74}.Release|Any CPU.ActiveCfg = Release|Any CPU
		{0A36F173-E702-4393-B5F0-485DE44AAD74}.Release|Any CPU.Build.0 = Release|Any CPU
	EndGlobalSection
	GlobalSection(SolutionProperties) = preSolution
		HideSolutionNode = FALSE
	EndGlobalSection
	GlobalSection(ExtensibilityGlobals) = postSolution
		SolutionGuid = {5DBD1C06-67A7-4990-A952-CA80B2220B2E}
	EndGlobalSection
EndGlobal
